
Microsoft Visual Studio Solution File, Format Version 12.00
# Visual Studio Version 16
VisualStudioVersion = 16.0.30717.126
MinimumVisualStudioVersion = 10.0.40219.1
Project("{FAE04EC0-301F-11D3-BF4B-00C04F79EFBC}") = "HomeWork2Ex1", "HomeWork2\HomeWork2Ex1.csproj", "{F8BD8039-F001-4602-96CB-D2752E3BDA15}"
EndProject
Project("{FAE04EC0-301F-11D3-BF4B-00C04F79EFBC}") = "HomeWork2Ex2", "HomeWork2Ex2\HomeWork2Ex2.csproj", "{DCD1DA95-6FE5-4B61-B015-F7C3418150F6}"
EndProject
Project("{FAE04EC0-301F-11D3-BF4B-00C04F79EFBC}") = "HomeWork2Ex3", "HomeWork2Ex3\HomeWork2Ex3.csproj", "{DDF6C7AE-FABD-4EED-ABB7-7ABD95332E39}"
EndProject
Project("{FAE04EC0-301F-11D3-BF4B-00C04F79EFBC}") = "HomeWork2Ex4", "HomeWork2Ex4\HomeWork2Ex4.csproj", "{F30F2B29-7F2F-4FEA-B600-1CD4CB749026}"
EndProject
Project("{FAE04EC0-301F-11D3-BF4B-00C04F79EFBC}") = "HomeWork2Ex5", "Home2Ex5\HomeWork2Ex5.csproj", "{1103A643-8FD1-4C10-B51E-1F6024D44735}"
EndProject
Project("{FAE04EC0-301F-11D3-BF4B-00C04F79EFBC}") = "HomeWork2Ex6", "HomeWork2Ex6\HomeWork2Ex6.csproj", "{9D8E3861-2731-4D5A-A06B-AA56110BABF0}"
EndProject
Project("{FAE04EC0-301F-11D3-BF4B-00C04F79EFBC}") = "HomeWork2Ex7", "HomeWork2Ex7\HomeWork2Ex7.csproj", "{C3CD38B8-8CE1-4EE4-871A-9F9CEF43C61F}"
EndProject
Global
	GlobalSection(SolutionConfigurationPlatforms) = preSolution
		Debug|Any CPU = Debug|Any CPU
		Release|Any CPU = Release|Any CPU
	EndGlobalSection
	GlobalSection(ProjectConfigurationPlatforms) = postSolution
		{F8BD8039-F001-4602-96CB-D2752E3BDA15}.Debug|Any CPU.ActiveCfg = Debug|Any CPU
		{F8BD8039-F001-4602-96CB-D2752E3BDA15}.Debug|Any CPU.Build.0 = Debug|Any CPU
		{F8BD8039-F001-4602-96CB-D2752E3BDA15}.Release|Any CPU.ActiveCfg = Release|Any CPU
		{F8BD8039-F001-4602-96CB-D2752E3BDA15}.Release|Any CPU.Build.0 = Release|Any CPU
		{DCD1DA95-6FE5-4B61-B015-F7C3418150F6}.Debug|Any CPU.ActiveCfg = Debug|Any CPU
		{DCD1DA95-6FE5-4B61-B015-F7C3418150F6}.Debug|Any CPU.Build.0 = Debug|Any CPU
		{DCD1DA95-6FE5-4B61-B015-F7C3418150F6}.Release|Any CPU.ActiveCfg = Release|Any CPU
		{DCD1DA95-6FE5-4B61-B015-F7C3418150F6}.Release|Any CPU.Build.0 = Release|Any CPU
		{DDF6C7AE-FABD-4EED-ABB7-7ABD95332E39}.Debug|Any CPU.ActiveCfg = Debug|Any CPU
		{DDF6C7AE-FABD-4EED-ABB7-7ABD95332E39}.Debug|Any CPU.Build.0 = Debug|Any CPU
		{DDF6C7AE-FABD-4EED-ABB7-7ABD95332E39}.Release|Any CPU.ActiveCfg = Release|Any CPU
		{DDF6C7AE-FABD-4EED-ABB7-7ABD95332E39}.Release|Any CPU.Build.0 = Release|Any CPU
		{F30F2B29-7F2F-4FEA-B600-1CD4CB749026}.Debug|Any CPU.ActiveCfg = Debug|Any CPU
		{F30F2B29-7F2F-4FEA-B600-1CD4CB749026}.Debug|Any CPU.Build.0 = Debug|Any CPU
		{F30F2B29-7F2F-4FEA-B600-1CD4CB749026}.Release|Any CPU.ActiveCfg = Release|Any CPU
		{F30F2B29-7F2F-4FEA-B600-1CD4CB749026}.Release|Any CPU.Build.0 = Release|Any CPU
		{1103A643-8FD1-4C10-B51E-1F6024D44735}.Debug|Any CPU.ActiveCfg = Debug|Any CPU
		{1103A643-8FD1-4C10-B51E-1F6024D44735}.Debug|Any CPU.Build.0 = Debug|Any CPU
		{1103A643-8FD1-4C10-B51E-1F6024D44735}.Release|Any CPU.ActiveCfg = Release|Any CPU
		{1103A643-8FD1-4C10-B51E-1F6024D44735}.Release|Any CPU.Build.0 = Release|Any CPU
		{9D8E3861-2731-4D5A-A06B-AA56110BABF0}.Debug|Any CPU.ActiveCfg = Debug|Any CPU
		{9D8E3861-2731-4D5A-A06B-AA56110BABF0}.Debug|Any CPU.Build.0 = Debug|Any CPU
		{9D8E3861-2731-4D5A-A06B-AA56110BABF0}.Release|Any CPU.ActiveCfg = Release|Any CPU
		{9D8E3861-2731-4D5A-A06B-AA56110BABF0}.Release|Any CPU.Build.0 = Release|Any CPU
		{C3CD38B8-8CE1-4EE4-871A-9F9CEF43C61F}.Debug|Any CPU.ActiveCfg = Debug|Any CPU
		{C3CD38B8-8CE1-4EE4-871A-9F9CEF43C61F}.Debug|Any CPU.Build.0 = Debug|Any CPU
		{C3CD38B8-8CE1-4EE4-871A-9F9CEF43C61F}.Release|Any CPU.ActiveCfg = Release|Any CPU
		{C3CD38B8-8CE1-4EE4-871A-9F9CEF43C61F}.Release|Any CPU.Build.0 = Release|Any CPU
	EndGlobalSection
	GlobalSection(SolutionProperties) = preSolution
		HideSolutionNode = FALSE
	EndGlobalSection
	GlobalSection(ExtensibilityGlobals) = postSolution
		SolutionGuid = {1A2DF556-EB49-42DE-9859-D27AE8B58783}
	EndGlobalSection
EndGlobal
